
Microsoft Visual Studio Solution File, Format Version 12.00
# Visual Studio Version 17
VisualStudioVersion = 17.4.33122.133
MinimumVisualStudioVersion = 10.0.40219.1
Project("{9A19103F-16F7-4668-BE54-9A1E7A4F7556}") = "Calidad20222.web", "Calidad20222.web\Calidad20222.web.csproj", "{6C3B2E1C-4FFA-4485-B12A-1A04C0EF0867}"
EndProject
Project("{FAE04EC0-301F-11D3-BF4B-00C04F79EFBC}") = "Calidad20222.webTests", "Calidad20222.webTests\Calidad20222.webTests.csproj", "{42AFA416-3AEC-4DF5-80A6-293D0185A1E8}"
EndProject
Global
	GlobalSection(SolutionConfigurationPlatforms) = preSolution
		Debug|Any CPU = Debug|Any CPU
		Release|Any CPU = Release|Any CPU
	EndGlobalSection
	GlobalSection(ProjectConfigurationPlatforms) = postSolution
		{6C3B2E1C-4FFA-4485-B12A-1A04C0EF0867}.Debug|Any CPU.ActiveCfg = Debug|Any CPU
		{6C3B2E1C-4FFA-4485-B12A-1A04C0EF0867}.Debug|Any CPU.Build.0 = Debug|Any CPU
		{6C3B2E1C-4FFA-4485-B12A-1A04C0EF0867}.Release|Any CPU.ActiveCfg = Release|Any CPU
		{6C3B2E1C-4FFA-4485-B12A-1A04C0EF0867}.Release|Any CPU.Build.0 = Release|Any CPU
		{42AFA416-3AEC-4DF5-80A6-293D0185A1E8}.Debug|Any CPU.ActiveCfg = Debug|Any CPU
		{42AFA416-3AEC-4DF5-80A6-293D0185A1E8}.Debug|Any CPU.Build.0 = Debug|Any CPU
		{42AFA416-3AEC-4DF5-80A6-293D0185A1E8}.Release|Any CPU.ActiveCfg = Release|Any CPU
		{42AFA416-3AEC-4DF5-80A6-293D0185A1E8}.Release|Any CPU.Build.0 = Release|Any CPU
	EndGlobalSection
	GlobalSection(SolutionProperties) = preSolution
		HideSolutionNode = FALSE
	EndGlobalSection
	GlobalSection(ExtensibilityGlobals) = postSolution
		SolutionGuid = {A6138418-602A-4719-9C92-44A22D6D166E}
	EndGlobalSection
EndGlobal
